
Microsoft Visual Studio Solution File, Format Version 12.00
# Visual Studio 15
Project("{FAE04EC0-301F-11D3-BF4B-00C04F79EFBC}") = "ParticlesAreNice", "ParticlesAreNice.csproj", "{6157A778-61BF-0CA6-5EC1-974A4ACF92FF}"
EndProject
Global
	GlobalSection(SolutionConfigurationPlatforms) = preSolution
		Debug|Any CPU = Debug|Any CPU
		Release|Any CPU = Release|Any CPU
	EndGlobalSection
	GlobalSection(ProjectConfigurationPlatforms) = postSolution
		{6157A778-61BF-0CA6-5EC1-974A4ACF92FF}.Debug|Any CPU.ActiveCfg = Debug|Any CPU
		{6157A778-61BF-0CA6-5EC1-974A4ACF92FF}.Debug|Any CPU.Build.0 = Debug|Any CPU
		{6157A778-61BF-0CA6-5EC1-974A4ACF92FF}.Release|Any CPU.ActiveCfg = Release|Any CPU
		{6157A778-61BF-0CA6-5EC1-974A4ACF92FF}.Release|Any CPU.Build.0 = Release|Any CPU
	EndGlobalSection
	GlobalSection(SolutionProperties) = preSolution
		HideSolutionNode = FALSE
	EndGlobalSection
EndGlobal
